
Microsoft Visual Studio Solution File, Format Version 12.00
# Visual Studio Version 16
VisualStudioVersion = 16.0.31410.357
MinimumVisualStudioVersion = 10.0.40219.1
Project("{FAE04EC0-301F-11D3-BF4B-00C04F79EFBC}") = "SE140850-Web", "SE140850-Web\SE140850-Web.csproj", "{EE34F0A6-5CA4-4B3C-B84E-A6B42C927D7E}"
EndProject
Global
	GlobalSection(SolutionConfigurationPlatforms) = preSolution
		Debug|Any CPU = Debug|Any CPU
		Release|Any CPU = Release|Any CPU
	EndGlobalSection
	GlobalSection(ProjectConfigurationPlatforms) = postSolution
		{EE34F0A6-5CA4-4B3C-B84E-A6B42C927D7E}.Debug|Any CPU.ActiveCfg = Debug|Any CPU
		{EE34F0A6-5CA4-4B3C-B84E-A6B42C927D7E}.Debug|Any CPU.Build.0 = Debug|Any CPU
		{EE34F0A6-5CA4-4B3C-B84E-A6B42C927D7E}.Release|Any CPU.ActiveCfg = Release|Any CPU
		{EE34F0A6-5CA4-4B3C-B84E-A6B42C927D7E}.Release|Any CPU.Build.0 = Release|Any CPU
	EndGlobalSection
	GlobalSection(SolutionProperties) = preSolution
		HideSolutionNode = FALSE
	EndGlobalSection
	GlobalSection(ExtensibilityGlobals) = postSolution
		SolutionGuid = {F9AC27D7-5E16-40BF-B5FD-59361BC73E03}
	EndGlobalSection
EndGlobal
